// !$*UTF8*$!
{
	archiveVersion = 1;
	classes = {
	};
	objectVersion = 56;
	objects = {

/* Begin PBXBuildFile section */
		5A0C50812BA302B900079401 /* RoundedRectanglefield.swift in Sources */ = {isa = PBXBuildFile; fileRef = 5A0C50802BA302B900079401 /* RoundedRectanglefield.swift */; };
		5A0C50832BA302EF00079401 /* RoundedSecurefields.swift in Sources */ = {isa = PBXBuildFile; fileRef = 5A0C50822BA302EF00079401 /* RoundedSecurefields.swift */; };
		5A0C50892BA30D2900079401 /* SignUpView.swift in Sources */ = {isa = PBXBuildFile; fileRef = 5A0C50882BA30D2900079401 /* SignUpView.swift */; };
		5A1689E72BA164550076D80D /* LogoImage.swift in Sources */ = {isa = PBXBuildFile; fileRef = 5A1689E62BA164550076D80D /* LogoImage.swift */; };
		5A1689E92BA184BE0076D80D /* HomeView.swift in Sources */ = {isa = PBXBuildFile; fileRef = 5A1689E82BA184BE0076D80D /* HomeView.swift */; };
		5A1689EF2BA1B23B0076D80D /* SignUpModel.swift in Sources */ = {isa = PBXBuildFile; fileRef = 5A1689EE2BA1B23B0076D80D /* SignUpModel.swift */; };
		5A1689F22BA1B5700076D80D /* SignUpViewModel.swift in Sources */ = {isa = PBXBuildFile; fileRef = 5A1689F12BA1B5700076D80D /* SignUpViewModel.swift */; };
		5A3EFD8E2B97999A0064BEBE /* ElixrTalentConnectAppApp.swift in Sources */ = {isa = PBXBuildFile; fileRef = 5A3EFD8D2B97999A0064BEBE /* ElixrTalentConnectAppApp.swift */; };
		5A3EFD902B97999A0064BEBE /* LoginView.swift in Sources */ = {isa = PBXBuildFile; fileRef = 5A3EFD8F2B97999A0064BEBE /* LoginView.swift */; };
		5A3EFD922B97999C0064BEBE /* Assets.xcassets in Resources */ = {isa = PBXBuildFile; fileRef = 5A3EFD912B97999C0064BEBE /* Assets.xcassets */; };
		5A3EFD952B97999C0064BEBE /* Preview Assets.xcassets in Resources */ = {isa = PBXBuildFile; fileRef = 5A3EFD942B97999C0064BEBE /* Preview Assets.xcassets */; };
		5A3EFD9F2B97999C0064BEBE /* ElixrTalentConnectAppTests.swift in Sources */ = {isa = PBXBuildFile; fileRef = 5A3EFD9E2B97999C0064BEBE /* ElixrTalentConnectAppTests.swift */; };
		5A3EFDA92B97999C0064BEBE /* ElixrTalentConnectAppUITests.swift in Sources */ = {isa = PBXBuildFile; fileRef = 5A3EFDA82B97999C0064BEBE /* ElixrTalentConnectAppUITests.swift */; };
		5A3EFDAB2B97999C0064BEBE /* ElixrTalentConnectAppUITestsLaunchTests.swift in Sources */ = {isa = PBXBuildFile; fileRef = 5A3EFDAA2B97999C0064BEBE /* ElixrTalentConnectAppUITestsLaunchTests.swift */; };
		5A4BA44B2B9983FB00C3C813 /* Label.swift in Sources */ = {isa = PBXBuildFile; fileRef = 5A4BA44A2B9983FB00C3C813 /* Label.swift */; };
		5A4BA44D2B99842300C3C813 /* TextField.swift in Sources */ = {isa = PBXBuildFile; fileRef = 5A4BA44C2B99842300C3C813 /* TextField.swift */; };
		5A4BA44F2B99844D00C3C813 /* IconImage.swift in Sources */ = {isa = PBXBuildFile; fileRef = 5A4BA44E2B99844D00C3C813 /* IconImage.swift */; };
		5A4BA4512B99D77000C3C813 /* PasswordField.swift in Sources */ = {isa = PBXBuildFile; fileRef = 5A4BA4502B99D77000C3C813 /* PasswordField.swift */; };
		5AD18C862B9895C2006481ED /* SplashScreen.swift in Sources */ = {isa = PBXBuildFile; fileRef = 5AD18C852B9895C2006481ED /* SplashScreen.swift */; };
		5ADDC3D22BA2046A00A4370A /* TextFieldWithTitle.swift in Sources */ = {isa = PBXBuildFile; fileRef = 5ADDC3D12BA2046A00A4370A /* TextFieldWithTitle.swift */; };
		5AE6AF412B98D5F40090AD14 /* LoginModel.swift in Sources */ = {isa = PBXBuildFile; fileRef = 5AE6AF402B98D5F40090AD14 /* LoginModel.swift */; };
		5AE6AF442B98D63B0090AD14 /* LoginViewModel.swift in Sources */ = {isa = PBXBuildFile; fileRef = 5AE6AF432B98D63B0090AD14 /* LoginViewModel.swift */; };
		5AF53C7B2B9B0A9500DF576A /* StringExtensions.swift in Sources */ = {isa = PBXBuildFile; fileRef = 5AF53C7A2B9B0A9500DF576A /* StringExtensions.swift */; };
/* End PBXBuildFile section */

/* Begin PBXContainerItemProxy section */
		5A3EFD9B2B97999C0064BEBE /* PBXContainerItemProxy */ = {
			isa = PBXContainerItemProxy;
			containerPortal = 5A3EFD822B97999A0064BEBE /* Project object */;
			proxyType = 1;
			remoteGlobalIDString = 5A3EFD892B97999A0064BEBE;
			remoteInfo = ElixrTalentConnectApp;
		};
		5A3EFDA52B97999C0064BEBE /* PBXContainerItemProxy */ = {
			isa = PBXContainerItemProxy;
			containerPortal = 5A3EFD822B97999A0064BEBE /* Project object */;
			proxyType = 1;
			remoteGlobalIDString = 5A3EFD892B97999A0064BEBE;
			remoteInfo = ElixrTalentConnectApp;
		};
/* End PBXContainerItemProxy section */

/* Begin PBXFileReference section */
		5A0C50802BA302B900079401 /* RoundedRectanglefield.swift */ = {isa = PBXFileReference; lastKnownFileType = sourcecode.swift; path = RoundedRectanglefield.swift; sourceTree = "<group>"; };
		5A0C50822BA302EF00079401 /* RoundedSecurefields.swift */ = {isa = PBXFileReference; lastKnownFileType = sourcecode.swift; path = RoundedSecurefields.swift; sourceTree = "<group>"; };
		5A0C50882BA30D2900079401 /* SignUpView.swift */ = {isa = PBXFileReference; fileEncoding = 4; lastKnownFileType = sourcecode.swift; name = SignUpView.swift; path = ElixrTalentConnectApp/SignIN/ViewModel/View/SignUpView.swift; sourceTree = SOURCE_ROOT; };
		5A1689E62BA164550076D80D /* LogoImage.swift */ = {isa = PBXFileReference; lastKnownFileType = sourcecode.swift; name = LogoImage.swift; path = ElixrTalentConnectApp/Login/LoginView/LogoImage.swift; sourceTree = SOURCE_ROOT; };
		5A1689E82BA184BE0076D80D /* HomeView.swift */ = {isa = PBXFileReference; lastKnownFileType = sourcecode.swift; path = HomeView.swift; sourceTree = "<group>"; };
		5A1689EE2BA1B23B0076D80D /* SignUpModel.swift */ = {isa = PBXFileReference; lastKnownFileType = sourcecode.swift; path = SignUpModel.swift; sourceTree = "<group>"; };
		5A1689F12BA1B5700076D80D /* SignUpViewModel.swift */ = {isa = PBXFileReference; lastKnownFileType = sourcecode.swift; path = SignUpViewModel.swift; sourceTree = "<group>"; };
		5A3EFD8A2B97999A0064BEBE /* ElixrTalentConnectApp.app */ = {isa = PBXFileReference; explicitFileType = wrapper.application; includeInIndex = 0; path = ElixrTalentConnectApp.app; sourceTree = BUILT_PRODUCTS_DIR; };
		5A3EFD8D2B97999A0064BEBE /* ElixrTalentConnectAppApp.swift */ = {isa = PBXFileReference; lastKnownFileType = sourcecode.swift; path = ElixrTalentConnectAppApp.swift; sourceTree = "<group>"; };
		5A3EFD8F2B97999A0064BEBE /* LoginView.swift */ = {isa = PBXFileReference; lastKnownFileType = sourcecode.swift; path = LoginView.swift; sourceTree = "<group>"; };
		5A3EFD912B97999C0064BEBE /* Assets.xcassets */ = {isa = PBXFileReference; lastKnownFileType = folder.assetcatalog; path = Assets.xcassets; sourceTree = "<group>"; };
		5A3EFD942B97999C0064BEBE /* Preview Assets.xcassets */ = {isa = PBXFileReference; lastKnownFileType = folder.assetcatalog; path = "Preview Assets.xcassets"; sourceTree = "<group>"; };
		5A3EFD9A2B97999C0064BEBE /* ElixrTalentConnectAppTests.xctest */ = {isa = PBXFileReference; explicitFileType = wrapper.cfbundle; includeInIndex = 0; path = ElixrTalentConnectAppTests.xctest; sourceTree = BUILT_PRODUCTS_DIR; };
		5A3EFD9E2B97999C0064BEBE /* ElixrTalentConnectAppTests.swift */ = {isa = PBXFileReference; lastKnownFileType = sourcecode.swift; path = ElixrTalentConnectAppTests.swift; sourceTree = "<group>"; };
		5A3EFDA42B97999C0064BEBE /* ElixrTalentConnectAppUITests.xctest */ = {isa = PBXFileReference; explicitFileType = wrapper.cfbundle; includeInIndex = 0; path = ElixrTalentConnectAppUITests.xctest; sourceTree = BUILT_PRODUCTS_DIR; };
		5A3EFDA82B97999C0064BEBE /* ElixrTalentConnectAppUITests.swift */ = {isa = PBXFileReference; lastKnownFileType = sourcecode.swift; path = ElixrTalentConnectAppUITests.swift; sourceTree = "<group>"; };
		5A3EFDAA2B97999C0064BEBE /* ElixrTalentConnectAppUITestsLaunchTests.swift */ = {isa = PBXFileReference; lastKnownFileType = sourcecode.swift; path = ElixrTalentConnectAppUITestsLaunchTests.swift; sourceTree = "<group>"; };
		5A4BA44A2B9983FB00C3C813 /* Label.swift */ = {isa = PBXFileReference; lastKnownFileType = sourcecode.swift; path = Label.swift; sourceTree = "<group>"; };
		5A4BA44C2B99842300C3C813 /* TextField.swift */ = {isa = PBXFileReference; lastKnownFileType = sourcecode.swift; path = TextField.swift; sourceTree = "<group>"; };
		5A4BA44E2B99844D00C3C813 /* IconImage.swift */ = {isa = PBXFileReference; lastKnownFileType = sourcecode.swift; path = IconImage.swift; sourceTree = "<group>"; };
		5A4BA4502B99D77000C3C813 /* PasswordField.swift */ = {isa = PBXFileReference; lastKnownFileType = sourcecode.swift; path = PasswordField.swift; sourceTree = "<group>"; };
		5AD18C852B9895C2006481ED /* SplashScreen.swift */ = {isa = PBXFileReference; lastKnownFileType = sourcecode.swift; path = SplashScreen.swift; sourceTree = "<group>"; };
		5ADDC3D12BA2046A00A4370A /* TextFieldWithTitle.swift */ = {isa = PBXFileReference; lastKnownFileType = sourcecode.swift; path = TextFieldWithTitle.swift; sourceTree = "<group>"; };
		5AE6AF402B98D5F40090AD14 /* LoginModel.swift */ = {isa = PBXFileReference; lastKnownFileType = sourcecode.swift; path = LoginModel.swift; sourceTree = "<group>"; };
		5AE6AF432B98D63B0090AD14 /* LoginViewModel.swift */ = {isa = PBXFileReference; lastKnownFileType = sourcecode.swift; path = LoginViewModel.swift; sourceTree = "<group>"; };
		5AF53C7A2B9B0A9500DF576A /* StringExtensions.swift */ = {isa = PBXFileReference; lastKnownFileType = sourcecode.swift; path = StringExtensions.swift; sourceTree = "<group>"; };
/* End PBXFileReference section */

/* Begin PBXFrameworksBuildPhase section */
		5A3EFD872B97999A0064BEBE /* Frameworks */ = {
			isa = PBXFrameworksBuildPhase;
			buildActionMask = 2147483647;
			files = (
			);
			runOnlyForDeploymentPostprocessing = 0;
		};
		5A3EFD972B97999C0064BEBE /* Frameworks */ = {
			isa = PBXFrameworksBuildPhase;
			buildActionMask = 2147483647;
			files = (
			);
			runOnlyForDeploymentPostprocessing = 0;
		};
		5A3EFDA12B97999C0064BEBE /* Frameworks */ = {
			isa = PBXFrameworksBuildPhase;
			buildActionMask = 2147483647;
			files = (
			);
			runOnlyForDeploymentPostprocessing = 0;
		};
/* End PBXFrameworksBuildPhase section */

/* Begin PBXGroup section */
		5A0C50852BA3078A00079401 /* View */ = {
			isa = PBXGroup;
			children = (
				5A0C50882BA30D2900079401 /* SignUpView.swift */,
			);
			name = View;
			path = ViewModel/View;
			sourceTree = "<group>";
		};
		5A1689EA2BA184C60076D80D /* Home */ = {
			isa = PBXGroup;
			children = (
				5A1689E82BA184BE0076D80D /* HomeView.swift */,
			);
			path = Home;
			sourceTree = "<group>";
		};
		5A1689EB2BA184DC0076D80D /* SignIN */ = {
			isa = PBXGroup;
			children = (
				5A0C50852BA3078A00079401 /* View */,
				5A1689F02BA1B5300076D80D /* ViewModel */,
				5A1689ED2BA1B2230076D80D /* Model */,
			);
			path = SignIN;
			sourceTree = "<group>";
		};
		5A1689ED2BA1B2230076D80D /* Model */ = {
			isa = PBXGroup;
			children = (
				5A1689EE2BA1B23B0076D80D /* SignUpModel.swift */,
			);
			path = Model;
			sourceTree = "<group>";
		};
		5A1689F02BA1B5300076D80D /* ViewModel */ = {
			isa = PBXGroup;
			children = (
				5A1689F12BA1B5700076D80D /* SignUpViewModel.swift */,
			);
			path = ViewModel;
			sourceTree = "<group>";
		};
		5A3EFD812B97999A0064BEBE = {
			isa = PBXGroup;
			children = (
				5A3EFD8C2B97999A0064BEBE /* ElixrTalentConnectApp */,
				5A3EFD9D2B97999C0064BEBE /* ElixrTalentConnectAppTests */,
				5A3EFDA72B97999C0064BEBE /* ElixrTalentConnectAppUITests */,
				5A3EFD8B2B97999A0064BEBE /* Products */,
			);
			sourceTree = "<group>";
		};
		5A3EFD8B2B97999A0064BEBE /* Products */ = {
			isa = PBXGroup;
			children = (
				5A3EFD8A2B97999A0064BEBE /* ElixrTalentConnectApp.app */,
				5A3EFD9A2B97999C0064BEBE /* ElixrTalentConnectAppTests.xctest */,
				5A3EFDA42B97999C0064BEBE /* ElixrTalentConnectAppUITests.xctest */,
			);
			name = Products;
			sourceTree = "<group>";
		};
		5A3EFD8C2B97999A0064BEBE /* ElixrTalentConnectApp */ = {
			isa = PBXGroup;
			children = (
				5AE6AF472B98D6D30090AD14 /* Login */,
				5A1689EB2BA184DC0076D80D /* SignIN */,
				5A1689EA2BA184C60076D80D /* Home */,
				5AF53C7C2B9B0A9D00DF576A /* Extensions */,
				5A4BA4492B9983BD00C3C813 /* CustomUIElements */,
				5AE6AF462B98D6AB0090AD14 /* SplashScreen */,
				5A3EFD8D2B97999A0064BEBE /* ElixrTalentConnectAppApp.swift */,
				5A3EFD912B97999C0064BEBE /* Assets.xcassets */,
				5A3EFD932B97999C0064BEBE /* Preview Content */,
			);
			path = ElixrTalentConnectApp;
			sourceTree = "<group>";
		};
		5A3EFD932B97999C0064BEBE /* Preview Content */ = {
			isa = PBXGroup;
			children = (
				5A3EFD942B97999C0064BEBE /* Preview Assets.xcassets */,
			);
			path = "Preview Content";
			sourceTree = "<group>";
		};
		5A3EFD9D2B97999C0064BEBE /* ElixrTalentConnectAppTests */ = {
			isa = PBXGroup;
			children = (
				5A3EFD9E2B97999C0064BEBE /* ElixrTalentConnectAppTests.swift */,
			);
			path = ElixrTalentConnectAppTests;
			sourceTree = "<group>";
		};
		5A3EFDA72B97999C0064BEBE /* ElixrTalentConnectAppUITests */ = {
			isa = PBXGroup;
			children = (
				5A3EFDA82B97999C0064BEBE /* ElixrTalentConnectAppUITests.swift */,
				5A3EFDAA2B97999C0064BEBE /* ElixrTalentConnectAppUITestsLaunchTests.swift */,
			);
			path = ElixrTalentConnectAppUITests;
			sourceTree = "<group>";
		};
		5A4BA4492B9983BD00C3C813 /* CustomUIElements */ = {
			isa = PBXGroup;
			children = (
				5A1689E62BA164550076D80D /* LogoImage.swift */,
				5A0C50822BA302EF00079401 /* RoundedSecurefields.swift */,
				5A4BA44A2B9983FB00C3C813 /* Label.swift */,
				5A0C50802BA302B900079401 /* RoundedRectanglefield.swift */,
				5A4BA44E2B99844D00C3C813 /* IconImage.swift */,
				5A4BA44C2B99842300C3C813 /* TextField.swift */,
				5A4BA4502B99D77000C3C813 /* PasswordField.swift */,
				5ADDC3D12BA2046A00A4370A /* TextFieldWithTitle.swift */,
			);
			path = CustomUIElements;
			sourceTree = "<group>";
		};
		5AE6AF3F2B98D5DB0090AD14 /* LoginModel */ = {
			isa = PBXGroup;
			children = (
				5AE6AF402B98D5F40090AD14 /* LoginModel.swift */,
			);
			path = LoginModel;
			sourceTree = "<group>";
		};
		5AE6AF422B98D6270090AD14 /* LoginViewModel */ = {
			isa = PBXGroup;
			children = (
				5AE6AF432B98D63B0090AD14 /* LoginViewModel.swift */,
			);
			path = LoginViewModel;
			sourceTree = "<group>";
		};
		5AE6AF452B98D6940090AD14 /* LoginView */ = {
			isa = PBXGroup;
			children = (
				5A3EFD8F2B97999A0064BEBE /* LoginView.swift */,
			);
			path = LoginView;
			sourceTree = "<group>";
		};
		5AE6AF462B98D6AB0090AD14 /* SplashScreen */ = {
			isa = PBXGroup;
			children = (
				5AD18C852B9895C2006481ED /* SplashScreen.swift */,
			);
			path = SplashScreen;
			sourceTree = "<group>";
		};
		5AE6AF472B98D6D30090AD14 /* Login */ = {
			isa = PBXGroup;
			children = (
				5AE6AF452B98D6940090AD14 /* LoginView */,
				5AE6AF422B98D6270090AD14 /* LoginViewModel */,
				5AE6AF3F2B98D5DB0090AD14 /* LoginModel */,
			);
			path = Login;
			sourceTree = "<group>";
		};
		5AF53C7C2B9B0A9D00DF576A /* Extensions */ = {
			isa = PBXGroup;
			children = (
				5AF53C7A2B9B0A9500DF576A /* StringExtensions.swift */,
			);
			path = Extensions;
			sourceTree = "<group>";
		};
/* End PBXGroup section */

/* Begin PBXNativeTarget section */
		5A3EFD892B97999A0064BEBE /* ElixrTalentConnectApp */ = {
			isa = PBXNativeTarget;
			buildConfigurationList = 5A3EFDAE2B97999C0064BEBE /* Build configuration list for PBXNativeTarget "ElixrTalentConnectApp" */;
			buildPhases = (
				5A3EFD862B97999A0064BEBE /* Sources */,
				5A3EFD872B97999A0064BEBE /* Frameworks */,
				5A3EFD882B97999A0064BEBE /* Resources */,
			);
			buildRules = (
			);
			dependencies = (
			);
			name = ElixrTalentConnectApp;
			productName = ElixrTalentConnectApp;
			productReference = 5A3EFD8A2B97999A0064BEBE /* ElixrTalentConnectApp.app */;
			productType = "com.apple.product-type.application";
		};
		5A3EFD992B97999C0064BEBE /* ElixrTalentConnectAppTests */ = {
			isa = PBXNativeTarget;
			buildConfigurationList = 5A3EFDB12B97999C0064BEBE /* Build configuration list for PBXNativeTarget "ElixrTalentConnectAppTests" */;
			buildPhases = (
				5A3EFD962B97999C0064BEBE /* Sources */,
				5A3EFD972B97999C0064BEBE /* Frameworks */,
				5A3EFD982B97999C0064BEBE /* Resources */,
			);
			buildRules = (
			);
			dependencies = (
				5A3EFD9C2B97999C0064BEBE /* PBXTargetDependency */,
			);
			name = ElixrTalentConnectAppTests;
			productName = ElixrTalentConnectAppTests;
			productReference = 5A3EFD9A2B97999C0064BEBE /* ElixrTalentConnectAppTests.xctest */;
			productType = "com.apple.product-type.bundle.unit-test";
		};
		5A3EFDA32B97999C0064BEBE /* ElixrTalentConnectAppUITests */ = {
			isa = PBXNativeTarget;
			buildConfigurationList = 5A3EFDB42B97999C0064BEBE /* Build configuration list for PBXNativeTarget "ElixrTalentConnectAppUITests" */;
			buildPhases = (
				5A3EFDA02B97999C0064BEBE /* Sources */,
				5A3EFDA12B97999C0064BEBE /* Frameworks */,
				5A3EFDA22B97999C0064BEBE /* Resources */,
			);
			buildRules = (
			);
			dependencies = (
				5A3EFDA62B97999C0064BEBE /* PBXTargetDependency */,
			);
			name = ElixrTalentConnectAppUITests;
			productName = ElixrTalentConnectAppUITests;
			productReference = 5A3EFDA42B97999C0064BEBE /* ElixrTalentConnectAppUITests.xctest */;
			productType = "com.apple.product-type.bundle.ui-testing";
		};
/* End PBXNativeTarget section */

/* Begin PBXProject section */
		5A3EFD822B97999A0064BEBE /* Project object */ = {
			isa = PBXProject;
			attributes = {
				BuildIndependentTargetsInParallel = 1;
				LastSwiftUpdateCheck = 1520;
				LastUpgradeCheck = 1520;
				TargetAttributes = {
					5A3EFD892B97999A0064BEBE = {
						CreatedOnToolsVersion = 15.2;
					};
					5A3EFD992B97999C0064BEBE = {
						CreatedOnToolsVersion = 15.2;
						TestTargetID = 5A3EFD892B97999A0064BEBE;
					};
					5A3EFDA32B97999C0064BEBE = {
						CreatedOnToolsVersion = 15.2;
						TestTargetID = 5A3EFD892B97999A0064BEBE;
					};
				};
			};
			buildConfigurationList = 5A3EFD852B97999A0064BEBE /* Build configuration list for PBXProject "ElixrTalentConnectApp" */;
			compatibilityVersion = "Xcode 14.0";
			developmentRegion = en;
			hasScannedForEncodings = 0;
			knownRegions = (
				en,
				Base,
			);
			mainGroup = 5A3EFD812B97999A0064BEBE;
			productRefGroup = 5A3EFD8B2B97999A0064BEBE /* Products */;
			projectDirPath = "";
			projectRoot = "";
			targets = (
				5A3EFD892B97999A0064BEBE /* ElixrTalentConnectApp */,
				5A3EFD992B97999C0064BEBE /* ElixrTalentConnectAppTests */,
				5A3EFDA32B97999C0064BEBE /* ElixrTalentConnectAppUITests */,
			);
		};
/* End PBXProject section */

/* Begin PBXResourcesBuildPhase section */
		5A3EFD882B97999A0064BEBE /* Resources */ = {
			isa = PBXResourcesBuildPhase;
			buildActionMask = 2147483647;
			files = (
				5A3EFD952B97999C0064BEBE /* Preview Assets.xcassets in Resources */,
				5A3EFD922B97999C0064BEBE /* Assets.xcassets in Resources */,
			);
			runOnlyForDeploymentPostprocessing = 0;
		};
		5A3EFD982B97999C0064BEBE /* Resources */ = {
			isa = PBXResourcesBuildPhase;
			buildActionMask = 2147483647;
			files = (
			);
			runOnlyForDeploymentPostprocessing = 0;
		};
		5A3EFDA22B97999C0064BEBE /* Resources */ = {
			isa = PBXResourcesBuildPhase;
			buildActionMask = 2147483647;
			files = (
			);
			runOnlyForDeploymentPostprocessing = 0;
		};
/* End PBXResourcesBuildPhase section */

/* Begin PBXSourcesBuildPhase section */
		5A3EFD862B97999A0064BEBE /* Sources */ = {
			isa = PBXSourcesBuildPhase;
			buildActionMask = 2147483647;
			files = (
				5AD18C862B9895C2006481ED /* SplashScreen.swift in Sources */,
				5A1689EF2BA1B23B0076D80D /* SignUpModel.swift in Sources */,
				5AE6AF412B98D5F40090AD14 /* LoginModel.swift in Sources */,
				5A0C50812BA302B900079401 /* RoundedRectanglefield.swift in Sources */,
				5A1689E92BA184BE0076D80D /* HomeView.swift in Sources */,
				5A0C50892BA30D2900079401 /* SignUpView.swift in Sources */,
				5AF53C7B2B9B0A9500DF576A /* StringExtensions.swift in Sources */,
				5A4BA44B2B9983FB00C3C813 /* Label.swift in Sources */,
				5A0C50832BA302EF00079401 /* RoundedSecurefields.swift in Sources */,
				5A4BA44D2B99842300C3C813 /* TextField.swift in Sources */,
				5A1689F22BA1B5700076D80D /* SignUpViewModel.swift in Sources */,
				5A1689E72BA164550076D80D /* LogoImage.swift in Sources */,
				5ADDC3D22BA2046A00A4370A /* TextFieldWithTitle.swift in Sources */,
				5A4BA4512B99D77000C3C813 /* PasswordField.swift in Sources */,
				5A3EFD902B97999A0064BEBE /* LoginView.swift in Sources */,
				5AE6AF442B98D63B0090AD14 /* LoginViewModel.swift in Sources */,
				5A4BA44F2B99844D00C3C813 /* IconImage.swift in Sources */,
				5A3EFD8E2B97999A0064BEBE /* ElixrTalentConnectAppApp.swift in Sources */,
			);
			runOnlyForDeploymentPostprocessing = 0;
		};
		5A3EFD962B97999C0064BEBE /* Sources */ = {
			isa = PBXSourcesBuildPhase;
			buildActionMask = 2147483647;
			files = (
				5A3EFD9F2B97999C0064BEBE /* ElixrTalentConnectAppTests.swift in Sources */,
			);
			runOnlyForDeploymentPostprocessing = 0;
		};
		5A3EFDA02B97999C0064BEBE /* Sources */ = {
			isa = PBXSourcesBuildPhase;
			buildActionMask = 2147483647;
			files = (
				5A3EFDAB2B97999C0064BEBE /* ElixrTalentConnectAppUITestsLaunchTests.swift in Sources */,
				5A3EFDA92B97999C0064BEBE /* ElixrTalentConnectAppUITests.swift in Sources */,
			);
			runOnlyForDeploymentPostprocessing = 0;
		};
/* End PBXSourcesBuildPhase section */

/* Begin PBXTargetDependency section */
		5A3EFD9C2B97999C0064BEBE /* PBXTargetDependency */ = {
			isa = PBXTargetDependency;
			target = 5A3EFD892B97999A0064BEBE /* ElixrTalentConnectApp */;
			targetProxy = 5A3EFD9B2B97999C0064BEBE /* PBXContainerItemProxy */;
		};
		5A3EFDA62B97999C0064BEBE /* PBXTargetDependency */ = {
			isa = PBXTargetDependency;
			target = 5A3EFD892B97999A0064BEBE /* ElixrTalentConnectApp */;
			targetProxy = 5A3EFDA52B97999C0064BEBE /* PBXContainerItemProxy */;
		};
/* End PBXTargetDependency section */

/* Begin XCBuildConfiguration section */
		5A3EFDAC2B97999C0064BEBE /* Debug */ = {
			isa = XCBuildConfiguration;
			buildSettings = {
				ALWAYS_SEARCH_USER_PATHS = NO;
				ASSETCATALOG_COMPILER_GENERATE_SWIFT_ASSET_SYMBOL_EXTENSIONS = YES;
				CLANG_ANALYZER_NONNULL = YES;
				CLANG_ANALYZER_NUMBER_OBJECT_CONVERSION = YES_AGGRESSIVE;
				CLANG_CXX_LANGUAGE_STANDARD = "gnu++20";
				CLANG_ENABLE_MODULES = YES;
				CLANG_ENABLE_OBJC_ARC = YES;
				CLANG_ENABLE_OBJC_WEAK = YES;
				CLANG_WARN_BLOCK_CAPTURE_AUTORELEASING = YES;
				CLANG_WARN_BOOL_CONVERSION = YES;
				CLANG_WARN_COMMA = YES;
				CLANG_WARN_CONSTANT_CONVERSION = YES;
				CLANG_WARN_DEPRECATED_OBJC_IMPLEMENTATIONS = YES;
				CLANG_WARN_DIRECT_OBJC_ISA_USAGE = YES_ERROR;
				CLANG_WARN_DOCUMENTATION_COMMENTS = YES;
				CLANG_WARN_EMPTY_BODY = YES;
				CLANG_WARN_ENUM_CONVERSION = YES;
				CLANG_WARN_INFINITE_RECURSION = YES;
				CLANG_WARN_INT_CONVERSION = YES;
				CLANG_WARN_NON_LITERAL_NULL_CONVERSION = YES;
				CLANG_WARN_OBJC_IMPLICIT_RETAIN_SELF = YES;
				CLANG_WARN_OBJC_LITERAL_CONVERSION = YES;
				CLANG_WARN_OBJC_ROOT_CLASS = YES_ERROR;
				CLANG_WARN_QUOTED_INCLUDE_IN_FRAMEWORK_HEADER = YES;
				CLANG_WARN_RANGE_LOOP_ANALYSIS = YES;
				CLANG_WARN_STRICT_PROTOTYPES = YES;
				CLANG_WARN_SUSPICIOUS_MOVE = YES;
				CLANG_WARN_UNGUARDED_AVAILABILITY = YES_AGGRESSIVE;
				CLANG_WARN_UNREACHABLE_CODE = YES;
				CLANG_WARN__DUPLICATE_METHOD_MATCH = YES;
				COPY_PHASE_STRIP = NO;
				DEBUG_INFORMATION_FORMAT = dwarf;
				ENABLE_STRICT_OBJC_MSGSEND = YES;
				ENABLE_TESTABILITY = YES;
				ENABLE_USER_SCRIPT_SANDBOXING = YES;
				GCC_C_LANGUAGE_STANDARD = gnu17;
				GCC_DYNAMIC_NO_PIC = NO;
				GCC_NO_COMMON_BLOCKS = YES;
				GCC_OPTIMIZATION_LEVEL = 0;
				GCC_PREPROCESSOR_DEFINITIONS = (
					"DEBUG=1",
					"$(inherited)",
				);
				GCC_WARN_64_TO_32_BIT_CONVERSION = YES;
				GCC_WARN_ABOUT_RETURN_TYPE = YES_ERROR;
				GCC_WARN_UNDECLARED_SELECTOR = YES;
				GCC_WARN_UNINITIALIZED_AUTOS = YES_AGGRESSIVE;
				GCC_WARN_UNUSED_FUNCTION = YES;
				GCC_WARN_UNUSED_VARIABLE = YES;
				IPHONEOS_DEPLOYMENT_TARGET = 17.2;
				LOCALIZATION_PREFERS_STRING_CATALOGS = YES;
				MTL_ENABLE_DEBUG_INFO = INCLUDE_SOURCE;
				MTL_FAST_MATH = YES;
				ONLY_ACTIVE_ARCH = YES;
				SDKROOT = iphoneos;
				SWIFT_ACTIVE_COMPILATION_CONDITIONS = "DEBUG $(inherited)";
				SWIFT_OPTIMIZATION_LEVEL = "-Onone";
			};
			name = Debug;
		};
		5A3EFDAD2B97999C0064BEBE /* Release */ = {
			isa = XCBuildConfiguration;
			buildSettings = {
				ALWAYS_SEARCH_USER_PATHS = NO;
				ASSETCATALOG_COMPILER_GENERATE_SWIFT_ASSET_SYMBOL_EXTENSIONS = YES;
				CLANG_ANALYZER_NONNULL = YES;
				CLANG_ANALYZER_NUMBER_OBJECT_CONVERSION = YES_AGGRESSIVE;
				CLANG_CXX_LANGUAGE_STANDARD = "gnu++20";
				CLANG_ENABLE_MODULES = YES;
				CLANG_ENABLE_OBJC_ARC = YES;
				CLANG_ENABLE_OBJC_WEAK = YES;
				CLANG_WARN_BLOCK_CAPTURE_AUTORELEASING = YES;
				CLANG_WARN_BOOL_CONVERSION = YES;
				CLANG_WARN_COMMA = YES;
				CLANG_WARN_CONSTANT_CONVERSION = YES;
				CLANG_WARN_DEPRECATED_OBJC_IMPLEMENTATIONS = YES;
				CLANG_WARN_DIRECT_OBJC_ISA_USAGE = YES_ERROR;
				CLANG_WARN_DOCUMENTATION_COMMENTS = YES;
				CLANG_WARN_EMPTY_BODY = YES;
				CLANG_WARN_ENUM_CONVERSION = YES;
				CLANG_WARN_INFINITE_RECURSION = YES;
				CLANG_WARN_INT_CONVERSION = YES;
				CLANG_WARN_NON_LITERAL_NULL_CONVERSION = YES;
				CLANG_WARN_OBJC_IMPLICIT_RETAIN_SELF = YES;
				CLANG_WARN_OBJC_LITERAL_CONVERSION = YES;
				CLANG_WARN_OBJC_ROOT_CLASS = YES_ERROR;
				CLANG_WARN_QUOTED_INCLUDE_IN_FRAMEWORK_HEADER = YES;
				CLANG_WARN_RANGE_LOOP_ANALYSIS = YES;
				CLANG_WARN_STRICT_PROTOTYPES = YES;
				CLANG_WARN_SUSPICIOUS_MOVE = YES;
				CLANG_WARN_UNGUARDED_AVAILABILITY = YES_AGGRESSIVE;
				CLANG_WARN_UNREACHABLE_CODE = YES;
				CLANG_WARN__DUPLICATE_METHOD_MATCH = YES;
				COPY_PHASE_STRIP = NO;
				DEBUG_INFORMATION_FORMAT = "dwarf-with-dsym";
				ENABLE_NS_ASSERTIONS = NO;
				ENABLE_STRICT_OBJC_MSGSEND = YES;
				ENABLE_USER_SCRIPT_SANDBOXING = YES;
				GCC_C_LANGUAGE_STANDARD = gnu17;
				GCC_NO_COMMON_BLOCKS = YES;
				GCC_WARN_64_TO_32_BIT_CONVERSION = YES;
				GCC_WARN_ABOUT_RETURN_TYPE = YES_ERROR;
				GCC_WARN_UNDECLARED_SELECTOR = YES;
				GCC_WARN_UNINITIALIZED_AUTOS = YES_AGGRESSIVE;
				GCC_WARN_UNUSED_FUNCTION = YES;
				GCC_WARN_UNUSED_VARIABLE = YES;
				IPHONEOS_DEPLOYMENT_TARGET = 17.2;
				LOCALIZATION_PREFERS_STRING_CATALOGS = YES;
				MTL_ENABLE_DEBUG_INFO = NO;
				MTL_FAST_MATH = YES;
				SDKROOT = iphoneos;
				SWIFT_COMPILATION_MODE = wholemodule;
				VALIDATE_PRODUCT = YES;
			};
			name = Release;
		};
		5A3EFDAF2B97999C0064BEBE /* Debug */ = {
			isa = XCBuildConfiguration;
			buildSettings = {
				ASSETCATALOG_COMPILER_APPICON_NAME = AppIcon;
				ASSETCATALOG_COMPILER_GLOBAL_ACCENT_COLOR_NAME = AccentColor;
				CODE_SIGN_STYLE = Automatic;
				CURRENT_PROJECT_VERSION = 1;
				DEVELOPMENT_ASSET_PATHS = "\"ElixrTalentConnectApp/Preview Content\"";
				ENABLE_PREVIEWS = YES;
				GENERATE_INFOPLIST_FILE = YES;
				INFOPLIST_KEY_NSFaceIDUsageDescription = "Authentication using faceID.";
				INFOPLIST_KEY_UIApplicationSceneManifest_Generation = YES;
				INFOPLIST_KEY_UIApplicationSupportsIndirectInputEvents = YES;
				INFOPLIST_KEY_UILaunchScreen_Generation = YES;
				INFOPLIST_KEY_UISupportedInterfaceOrientations_iPad = "UIInterfaceOrientationPortrait UIInterfaceOrientationPortraitUpsideDown UIInterfaceOrientationLandscapeLeft UIInterfaceOrientationLandscapeRight";
				INFOPLIST_KEY_UISupportedInterfaceOrientations_iPhone = "UIInterfaceOrientationPortrait UIInterfaceOrientationLandscapeLeft UIInterfaceOrientationLandscapeRight";
				LD_RUNPATH_SEARCH_PATHS = (
					"$(inherited)",
					"@executable_path/Frameworks",
				);
				MARKETING_VERSION = 1.0;
				PRODUCT_BUNDLE_IDENTIFIER = d.company.ElixrTalentConnectApp;
				PRODUCT_NAME = "$(TARGET_NAME)";
				SWIFT_EMIT_LOC_STRINGS = YES;
				SWIFT_VERSION = 5.0;
				TARGETED_DEVICE_FAMILY = "1,2";
			};
			name = Debug;
		};
		5A3EFDB02B97999C0064BEBE /* Release */ = {
			isa = XCBuildConfiguration;
			buildSettings = {
				ASSETCATALOG_COMPILER_APPICON_NAME = AppIcon;
				ASSETCATALOG_COMPILER_GLOBAL_ACCENT_COLOR_NAME = AccentColor;
				CODE_SIGN_STYLE = Automatic;
				CURRENT_PROJECT_VERSION = 1;
				DEVELOPMENT_ASSET_PATHS = "\"ElixrTalentConnectApp/Preview Content\"";
				ENABLE_PREVIEWS = YES;
				GENERATE_INFOPLIST_FILE = YES;
				INFOPLIST_KEY_NSFaceIDUsageDescription = "Authentication using faceID.";
				INFOPLIST_KEY_UIApplicationSceneManifest_Generation = YES;
				INFOPLIST_KEY_UIApplicationSupportsIndirectInputEvents = YES;
				INFOPLIST_KEY_UILaunchScreen_Generation = YES;
				INFOPLIST_KEY_UISupportedInterfaceOrientations_iPad = "UIInterfaceOrientationPortrait UIInterfaceOrientationPortraitUpsideDown UIInterfaceOrientationLandscapeLeft UIInterfaceOrientationLandscapeRight";
				INFOPLIST_KEY_UISupportedInterfaceOrientations_iPhone = "UIInterfaceOrientationPortrait UIInterfaceOrientationLandscapeLeft UIInterfaceOrientationLandscapeRight";
				LD_RUNPATH_SEARCH_PATHS = (
					"$(inherited)",
					"@executable_path/Frameworks",
				);
				MARKETING_VERSION = 1.0;
				PRODUCT_BUNDLE_IDENTIFIER = d.company.ElixrTalentConnectApp;
				PRODUCT_NAME = "$(TARGET_NAME)";
				SWIFT_EMIT_LOC_STRINGS = YES;
				SWIFT_VERSION = 5.0;
				TARGETED_DEVICE_FAMILY = "1,2";
			};
			name = Release;
		};
		5A3EFDB22B97999C0064BEBE /* Debug */ = {
			isa = XCBuildConfiguration;
			buildSettings = {
				ALWAYS_EMBED_SWIFT_STANDARD_LIBRARIES = YES;
				BUNDLE_LOADER = "$(TEST_HOST)";
				CODE_SIGN_STYLE = Automatic;
				CURRENT_PROJECT_VERSION = 1;
				GENERATE_INFOPLIST_FILE = YES;
				IPHONEOS_DEPLOYMENT_TARGET = 17.2;
				MARKETING_VERSION = 1.0;
				PRODUCT_BUNDLE_IDENTIFIER = d.company.ElixrTalentConnectAppTests;
				PRODUCT_NAME = "$(TARGET_NAME)";
				SWIFT_EMIT_LOC_STRINGS = NO;
				SWIFT_VERSION = 5.0;
				TARGETED_DEVICE_FAMILY = "1,2";
				TEST_HOST = "$(BUILT_PRODUCTS_DIR)/ElixrTalentConnectApp.app/$(BUNDLE_EXECUTABLE_FOLDER_PATH)/ElixrTalentConnectApp";
			};
			name = Debug;
		};
		5A3EFDB32B97999C0064BEBE /* Release */ = {
			isa = XCBuildConfiguration;
			buildSettings = {
				ALWAYS_EMBED_SWIFT_STANDARD_LIBRARIES = YES;
				BUNDLE_LOADER = "$(TEST_HOST)";
				CODE_SIGN_STYLE = Automatic;
				CURRENT_PROJECT_VERSION = 1;
				GENERATE_INFOPLIST_FILE = YES;
				IPHONEOS_DEPLOYMENT_TARGET = 17.2;
				MARKETING_VERSION = 1.0;
				PRODUCT_BUNDLE_IDENTIFIER = d.company.ElixrTalentConnectAppTests;
				PRODUCT_NAME = "$(TARGET_NAME)";
				SWIFT_EMIT_LOC_STRINGS = NO;
				SWIFT_VERSION = 5.0;
				TARGETED_DEVICE_FAMILY = "1,2";
				TEST_HOST = "$(BUILT_PRODUCTS_DIR)/ElixrTalentConnectApp.app/$(BUNDLE_EXECUTABLE_FOLDER_PATH)/ElixrTalentConnectApp";
			};
			name = Release;
		};
		5A3EFDB52B97999C0064BEBE /* Debug */ = {
			isa = XCBuildConfiguration;
			buildSettings = {
				ALWAYS_EMBED_SWIFT_STANDARD_LIBRARIES = YES;
				CODE_SIGN_STYLE = Automatic;
				CURRENT_PROJECT_VERSION = 1;
				GENERATE_INFOPLIST_FILE = YES;
				MARKETING_VERSION = 1.0;
				PRODUCT_BUNDLE_IDENTIFIER = d.company.ElixrTalentConnectAppUITests;
				PRODUCT_NAME = "$(TARGET_NAME)";
				SWIFT_EMIT_LOC_STRINGS = NO;
				SWIFT_VERSION = 5.0;
				TARGETED_DEVICE_FAMILY = "1,2";
				TEST_TARGET_NAME = ElixrTalentConnectApp;
			};
			name = Debug;
		};
		5A3EFDB62B97999C0064BEBE /* Release */ = {
			isa = XCBuildConfiguration;
			buildSettings = {
				ALWAYS_EMBED_SWIFT_STANDARD_LIBRARIES = YES;
				CODE_SIGN_STYLE = Automatic;
				CURRENT_PROJECT_VERSION = 1;
				GENERATE_INFOPLIST_FILE = YES;
				MARKETING_VERSION = 1.0;
				PRODUCT_BUNDLE_IDENTIFIER = d.company.ElixrTalentConnectAppUITests;
				PRODUCT_NAME = "$(TARGET_NAME)";
				SWIFT_EMIT_LOC_STRINGS = NO;
				SWIFT_VERSION = 5.0;
				TARGETED_DEVICE_FAMILY = "1,2";
				TEST_TARGET_NAME = ElixrTalentConnectApp;
			};
			name = Release;
		};
/* End XCBuildConfiguration section */

/* Begin XCConfigurationList section */
		5A3EFD852B97999A0064BEBE /* Build configuration list for PBXProject "ElixrTalentConnectApp" */ = {
			isa = XCConfigurationList;
			buildConfigurations = (
				5A3EFDAC2B97999C0064BEBE /* Debug */,
				5A3EFDAD2B97999C0064BEBE /* Release */,
			);
			defaultConfigurationIsVisible = 0;
			defaultConfigurationName = Release;
		};
		5A3EFDAE2B97999C0064BEBE /* Build configuration list for PBXNativeTarget "ElixrTalentConnectApp" */ = {
			isa = XCConfigurationList;
			buildConfigurations = (
				5A3EFDAF2B97999C0064BEBE /* Debug */,
				5A3EFDB02B97999C0064BEBE /* Release */,
			);
			defaultConfigurationIsVisible = 0;
			defaultConfigurationName = Release;
		};
		5A3EFDB12B97999C0064BEBE /* Build configuration list for PBXNativeTarget "ElixrTalentConnectAppTests" */ = {
			isa = XCConfigurationList;
			buildConfigurations = (
				5A3EFDB22B97999C0064BEBE /* Debug */,
				5A3EFDB32B97999C0064BEBE /* Release */,
			);
			defaultConfigurationIsVisible = 0;
			defaultConfigurationName = Release;
		};
		5A3EFDB42B97999C0064BEBE /* Build configuration list for PBXNativeTarget "ElixrTalentConnectAppUITests" */ = {
			isa = XCConfigurationList;
			buildConfigurations = (
				5A3EFDB52B97999C0064BEBE /* Debug */,
				5A3EFDB62B97999C0064BEBE /* Release */,
			);
			defaultConfigurationIsVisible = 0;
			defaultConfigurationName = Release;
		};
/* End XCConfigurationList section */
	};
	rootObject = 5A3EFD822B97999A0064BEBE /* Project object */;
}
